
Microsoft Visual Studio Solution File, Format Version 12.00
# Visual Studio Version 16
VisualStudioVersion = 16.0.30907.101
MinimumVisualStudioVersion = 10.0.40219.1
Project("{FAE04EC0-301F-11D3-BF4B-00C04F79EFBC}") = "OptionButtonandDropdownMVC", "OptionButtonandDropdownMVC\OptionButtonandDropdownMVC.csproj", "{1599A003-1E5D-443A-BB80-DE08A0DC9C7D}"
EndProject
Global
	GlobalSection(SolutionConfigurationPlatforms) = preSolution
		Debug|Any CPU = Debug|Any CPU
		Release|Any CPU = Release|Any CPU
	EndGlobalSection
	GlobalSection(ProjectConfigurationPlatforms) = postSolution
		{1599A003-1E5D-443A-BB80-DE08A0DC9C7D}.Debug|Any CPU.ActiveCfg = Debug|Any CPU
		{1599A003-1E5D-443A-BB80-DE08A0DC9C7D}.Debug|Any CPU.Build.0 = Debug|Any CPU
		{1599A003-1E5D-443A-BB80-DE08A0DC9C7D}.Release|Any CPU.ActiveCfg = Release|Any CPU
		{1599A003-1E5D-443A-BB80-DE08A0DC9C7D}.Release|Any CPU.Build.0 = Release|Any CPU
	EndGlobalSection
	GlobalSection(SolutionProperties) = preSolution
		HideSolutionNode = FALSE
	EndGlobalSection
	GlobalSection(ExtensibilityGlobals) = postSolution
		SolutionGuid = {F43D5443-870C-46A9-8F6E-86D4E081801F}
	EndGlobalSection
EndGlobal
